Microsoft Visual Studio Solution File, Format Version 12.00
# Visual Studio Version 17
VisualStudioVersion = 17.5.2.0
MinimumVisualStudioVersion = 10.0.40219.1
Project("{FAE04EC0-301F-11D3-BF4B-00C04F79EFBC}") = "ReverseLinkedList", "ReverseLinkedList.csproj", "{335752C0-FE86-7C70-7809-EA4077E5CD9B}"
EndProject
Global
	GlobalSection(SolutionConfigurationPlatforms) = preSolution
		Debug|Any CPU = Debug|Any CPU
		Release|Any CPU = Release|Any CPU
	EndGlobalSection
	GlobalSection(ProjectConfigurationPlatforms) = postSolution
		{335752C0-FE86-7C70-7809-EA4077E5CD9B}.Debug|Any CPU.ActiveCfg = Debug|Any CPU
		{335752C0-FE86-7C70-7809-EA4077E5CD9B}.Debug|Any CPU.Build.0 = Debug|Any CPU
		{335752C0-FE86-7C70-7809-EA4077E5CD9B}.Release|Any CPU.ActiveCfg = Release|Any CPU
		{335752C0-FE86-7C70-7809-EA4077E5CD9B}.Release|Any CPU.Build.0 = Release|Any CPU
	EndGlobalSection
	GlobalSection(SolutionProperties) = preSolution
		HideSolutionNode = FALSE
	EndGlobalSection
	GlobalSection(ExtensibilityGlobals) = postSolution
		SolutionGuid = {59BB4543-068E-42DE-A70E-21A826F47C01}
	EndGlobalSection
EndGlobal
